
Microsoft Visual Studio Solution File, Format Version 12.00
# Visual Studio Version 16
VisualStudioVersion = 16.0.31205.134
MinimumVisualStudioVersion = 10.0.40219.1
Project("{FAE04EC0-301F-11D3-BF4B-00C04F79EFBC}") = "AcademyApp", "AcademyApp\AcademyApp.csproj", "{9C5D5879-D4C0-4F2E-86E2-58D3DF46873B}"
EndProject
Project("{FAE04EC0-301F-11D3-BF4B-00C04F79EFBC}") = "Entities", "Entities\Entities.csproj", "{AD5BF427-0C49-4ACD-90CC-DDCE66554DCC}"
EndProject
Project("{FAE04EC0-301F-11D3-BF4B-00C04F79EFBC}") = "DataAccess", "DataAccess\DataAccess.csproj", "{141D712C-9495-4C63-9DA9-A86727E6F4E0}"
EndProject
Project("{FAE04EC0-301F-11D3-BF4B-00C04F79EFBC}") = "Business", "Business\Business.csproj", "{EF937CE2-2842-4EE8-947E-B364B0D8B8B8}"
EndProject
Project("{FAE04EC0-301F-11D3-BF4B-00C04F79EFBC}") = "Utilies", "Utilies\Utilies.csproj", "{FF2AECA4-AB07-4BEC-9129-AEF74949090A}"
EndProject
Global
	GlobalSection(SolutionConfigurationPlatforms) = preSolution
		Debug|Any CPU = Debug|Any CPU
		Release|Any CPU = Release|Any CPU
	EndGlobalSection
	GlobalSection(ProjectConfigurationPlatforms) = postSolution
		{9C5D5879-D4C0-4F2E-86E2-58D3DF46873B}.Debug|Any CPU.ActiveCfg = Debug|Any CPU
		{9C5D5879-D4C0-4F2E-86E2-58D3DF46873B}.Debug|Any CPU.Build.0 = Debug|Any CPU
		{9C5D5879-D4C0-4F2E-86E2-58D3DF46873B}.Release|Any CPU.ActiveCfg = Release|Any CPU
		{9C5D5879-D4C0-4F2E-86E2-58D3DF46873B}.Release|Any CPU.Build.0 = Release|Any CPU
		{AD5BF427-0C49-4ACD-90CC-DDCE66554DCC}.Debug|Any CPU.ActiveCfg = Debug|Any CPU
		{AD5BF427-0C49-4ACD-90CC-DDCE66554DCC}.Debug|Any CPU.Build.0 = Debug|Any CPU
		{AD5BF427-0C49-4ACD-90CC-DDCE66554DCC}.Release|Any CPU.ActiveCfg = Release|Any CPU
		{AD5BF427-0C49-4ACD-90CC-DDCE66554DCC}.Release|Any CPU.Build.0 = Release|Any CPU
		{141D712C-9495-4C63-9DA9-A86727E6F4E0}.Debug|Any CPU.ActiveCfg = Debug|Any CPU
		{141D712C-9495-4C63-9DA9-A86727E6F4E0}.Debug|Any CPU.Build.0 = Debug|Any CPU
		{141D712C-9495-4C63-9DA9-A86727E6F4E0}.Release|Any CPU.ActiveCfg = Release|Any CPU
		{141D712C-9495-4C63-9DA9-A86727E6F4E0}.Release|Any CPU.Build.0 = Release|Any CPU
		{EF937CE2-2842-4EE8-947E-B364B0D8B8B8}.Debug|Any CPU.ActiveCfg = Debug|Any CPU
		{EF937CE2-2842-4EE8-947E-B364B0D8B8B8}.Debug|Any CPU.Build.0 = Debug|Any CPU
		{EF937CE2-2842-4EE8-947E-B364B0D8B8B8}.Release|Any CPU.ActiveCfg = Release|Any CPU
		{EF937CE2-2842-4EE8-947E-B364B0D8B8B8}.Release|Any CPU.Build.0 = Release|Any CPU
		{FF2AECA4-AB07-4BEC-9129-AEF74949090A}.Debug|Any CPU.ActiveCfg = Debug|Any CPU
		{FF2AECA4-AB07-4BEC-9129-AEF74949090A}.Debug|Any CPU.Build.0 = Debug|Any CPU
		{FF2AECA4-AB07-4BEC-9129-AEF74949090A}.Release|Any CPU.ActiveCfg = Release|Any CPU
		{FF2AECA4-AB07-4BEC-9129-AEF74949090A}.Release|Any CPU.Build.0 = Release|Any CPU
	EndGlobalSection
	GlobalSection(SolutionProperties) = preSolution
		HideSolutionNode = FALSE
	EndGlobalSection
	GlobalSection(ExtensibilityGlobals) = postSolution
		SolutionGuid = {FC93342C-6110-4CE2-B335-4B0B60BAFD07}
	EndGlobalSection
EndGlobal
